<?xml version="1.0" encoding="utf-8"?>
<Project ToolsVersion="4.0" xmlns="http://schemas.microsoft.com/developer/msbuild/2003">
  <ItemGroup>
    <Filter Include="win32">
      <UniqueIdentifier>{84a8ebd7-7cf0-47f6-b75e-d441df67da40}</UniqueIdentifier>
    </Filter>
    <Filter Include="resource">
      <UniqueIdentifier>{715254bc-d70b-4ec5-bf29-467dd3ace079}</UniqueIdentifier>
    </Filter>
    <Filter Include="Header">
      <UniqueIdentifier>{038a4704-b162-4161-9a1b-3f834a6f55bf}</UniqueIdentifier>
    </Filter>
    <Filter Include="Src">
      <UniqueIdentifier>{bb6c862e-70e9-49d9-81b7-3829a6f50471}</UniqueIdentifier>
    </Filter>
    <Filter Include="Src\THMainScene">
      <UniqueIdentifier>{e4c04069-67f5-4654-8107-87017e68d8f1}</UniqueIdentifier>
    </Filter>
    <Filter Include="Header\THMainScene">
      <UniqueIdentifier>{643097b7-530c-4246-9ab4-09a5b7c94dfa}</UniqueIdentifier>
    </Filter>
    <Filter Include="Header\THBase">
      <UniqueIdentifier>{319fac65-5a24-4a0d-85c0-c2b993ffcea0}</UniqueIdentifier>
    </Filter>
    <Filter Include="Src\THBase">
      <UniqueIdentifier>{88cd7012-7499-4295-8c70-9f6c420ea570}</UniqueIdentifier>
    </Filter>
    <Filter Include="Src\THCharacter">
      <UniqueIdentifier>{cb66d1f8-d72a-455f-ae21-08361fcd406b}</UniqueIdentifier>
    </Filter>
    <Filter Include="Header\THCharacter">
      <UniqueIdentifier>{c19fb064-9a66-4256-b14a-4b9ca7b0f4e5}</UniqueIdentifier>
    </Filter>
    <Filter Include="Header\THDeviceCtrl">
      <UniqueIdentifier>{5e5e0c00-823e-4242-b280-30371c9bb90b}</UniqueIdentifier>
    </Filter>
    <Filter Include="Src\THDeviceCtrl">
      <UniqueIdentifier>{547e7486-e28f-4c10-9a19-f49189f26139}</UniqueIdentifier>
    </Filter>
    <Filter Include="Config">
      <UniqueIdentifier>{a9aed02f-425f-45f2-86f3-778b9b2cbce7}</UniqueIdentifier>
    </Filter>
    <Filter Include="Config\Character">
      <UniqueIdentifier>{aa9a9322-8433-41e5-809f-fb034c4208cd}</UniqueIdentifier>
    </Filter>
    <Filter Include="Config\Character\SaigyoSakura">
      <UniqueIdentifier>{d762286d-2462-41f4-be06-0feb85984e69}</UniqueIdentifier>
    </Filter>
    <Filter Include="Src\THDbg">
      <UniqueIdentifier>{5c1ff550-f493-49f4-974c-ba8924e8d658}</UniqueIdentifier>
    </Filter>
    <Filter Include="Header\THCCDbg">
      <UniqueIdentifier>{1628a49f-e83d-4ded-b1b0-b510e09d0ff4}</UniqueIdentifier>
    </Filter>
    <Filter Include="Config\Character\DefTowerSubsoil">
      <UniqueIdentifier>{a77e0f59-4afa-426f-9ac1-83a323d97a24}</UniqueIdentifier>
    </Filter>
    <Filter Include="Config\Character\Barracks">
      <UniqueIdentifier>{6cec962d-ea3d-45d6-8203-64aa4f470fba}</UniqueIdentifier>
    </Filter>
    <Filter Include="Config\Character\Bullet">
      <UniqueIdentifier>{b24c78f0-e0b1-4f9f-9398-1b18a89f9a60}</UniqueIdentifier>
    </Filter>
  </ItemGroup>
  <ItemGroup>
    <ClCompile Include="main.cpp">
      <Filter>win32</Filter>
    </ClCompile>
    <ClCompile Include="..\Classes\AppDelegate.cpp">
      <Filter>Src</Filter>
    </ClCompile>
    <ClCompile Include="..\Classes\HelloWorldScene.cpp">
      <Filter>Src</Filter>
    </ClCompile>
    <ClCompile Include="..\Classes\thSceneDungeon.cpp">
      <Filter>Src\THMainScene</Filter>
    </ClCompile>
    <ClCompile Include="..\Classes\thPlayer.cpp">
      <Filter>Src\THCharacter</Filter>
    </ClCompile>
    <ClCompile Include="..\Classes\thCcAnimation.cpp">
      <Filter>Src\THBase</Filter>
    </ClCompile>
    <ClCompile Include="..\Classes\thDefTowerWarrior.cpp">
      <Filter>Src\THCharacter</Filter>
    </ClCompile>
    <ClCompile Include="..\Classes\thBaseFSM.cpp">
      <Filter>Src\THBase</Filter>
    </ClCompile>
    <ClCompile Include="..\Classes\thCharacter.cpp">
      <Filter>Src\THCharacter</Filter>
    </ClCompile>
    <ClCompile Include="..\Classes\thKeyboards.cpp">
      <Filter>Src\THDeviceCtrl</Filter>
    </ClCompile>
    <ClCompile Include="..\Classes\thDefTower.cpp">
      <Filter>Src\THCharacter</Filter>
    </ClCompile>
    <ClCompile Include="..\Classes\thCcDbg.cpp">
      <Filter>Src\THDbg</Filter>
    </ClCompile>
    <ClCompile Include="..\Classes\thDefTowerSubsoil.cpp">
      <Filter>Src\THCharacter</Filter>
    </ClCompile>
    <ClCompile Include="..\Classes\thCcBase.cpp">
      <Filter>Src\THBase</Filter>
    </ClCompile>
  </ItemGroup>
  <ItemGroup>
    <ClInclude Include="main.h">
      <Filter>win32</Filter>
    </ClInclude>
    <ClInclude Include="..\Classes\AppDelegate.h">
      <Filter>Src</Filter>
    </ClInclude>
    <ClInclude Include="..\Classes\HelloWorldScene.h">
      <Filter>Src</Filter>
    </ClInclude>
    <ClInclude Include="..\Classes\Header\thBase.h">
      <Filter>Header\THBase</Filter>
    </ClInclude>
    <ClInclude Include="..\Classes\Header\thBaseMacro.h">
      <Filter>Header\THBase</Filter>
    </ClInclude>
    <ClInclude Include="..\Classes\Header\thSceneDungeon.h">
      <Filter>Header\THMainScene</Filter>
    </ClInclude>
    <ClInclude Include="..\Classes\Header\thCcPlayer.h">
      <Filter>Header\THCharacter</Filter>
    </ClInclude>
    <ClInclude Include="..\Classes\Header\thCcAnimation.h">
      <Filter>Header\THBase</Filter>
    </ClInclude>
    <ClInclude Include="..\Classes\Header\thBaseFSM.h">
      <Filter>Header\THBase</Filter>
    </ClInclude>
    <ClInclude Include="..\Classes\Header\thCcCharacter.h">
      <Filter>Header\THCharacter</Filter>
    </ClInclude>
    <ClInclude Include="..\Classes\Header\thCcDeviceControl.h">
      <Filter>Header\THDeviceCtrl</Filter>
    </ClInclude>
    <ClInclude Include="..\Classes\Header\stdafx.h">
      <Filter>Header</Filter>
    </ClInclude>
    <ClInclude Include="..\Classes\Header\thCcDefTower.h">
      <Filter>Header\THCharacter</Filter>
    </ClInclude>
    <ClInclude Include="..\Classes\Header\thCcDbg.h">
      <Filter>Header\THCCDbg</Filter>
    </ClInclude>
    <ClInclude Include="..\Classes\Header\dirent.h">
      <Filter>Header\THBase</Filter>
    </ClInclude>
  </ItemGroup>
  <ItemGroup>
    <ResourceCompile Include="game.rc">
      <Filter>resource</Filter>
    </ResourceCompile>
  </ItemGroup>
  <ItemGroup>
    <None Include="..\Resources\data\CharacterConfig\SaigyoSakura\ChacSaigyoSakura.ini">
      <Filter>Config\Character\SaigyoSakura</Filter>
    </None>
    <None Include="..\Resources\data\CharacterConfig\DefTowerSubsoil\ChacGrasslandA.ini">
      <Filter>Config\Character\DefTowerSubsoil</Filter>
    </None>
    <None Include="..\Resources\data\CharacterConfig\DefTowerSubsoil\ChacDefTowerConstructionArcher.ini">
      <Filter>Config\Character\DefTowerSubsoil</Filter>
    </None>
    <None Include="..\Resources\data\CharacterConfig\Barracks\ChacBarracks.ini">
      <Filter>Config\Character\Barracks</Filter>
    </None>
    <None Include="..\Resources\data\CharacterConfig\Barracks\AniCloseTheDoor.ini">
      <Filter>Config\Character\Barracks</Filter>
    </None>
    <None Include="..\Resources\data\CharacterConfig\Barracks\AniOpenTheDoor.ini">
      <Filter>Config\Character\Barracks</Filter>
    </None>
    <None Include="..\Resources\data\CharacterConfig\Barracks\AniTagWarriorsDie.ini">
      <Filter>Config\Character\Barracks</Filter>
    </None>
    <None Include="..\Resources\data\CharacterConfig\Barracks\AniWarriorsMove.ini">
      <Filter>Config\Character\Barracks</Filter>
    </None>
    <None Include="..\Resources\data\CharacterConfig\Barracks\ChacWarrior.ini">
      <Filter>Config\Character\Barracks</Filter>
    </None>
    <None Include="..\Resources\data\CharacterConfig\DefTowerSubsoil\ChacDefTowerConstructionBarracks.ini">
      <Filter>Config\Character\DefTowerSubsoil</Filter>
    </None>
    <None Include="..\Resources\data\CharacterConfig\Bullet\ChacBulButterfly.ini">
      <Filter>Config\Character\Bullet</Filter>
    </None>
  </ItemGroup>
</Project>